// !$*UTF8*$!
{
	archiveVersion = 1;
	classes = {
	};
	objectVersion = 50;
	objects = {

/* Begin PBXBuildFile section */
		4B1D673A26090852005E38B8 /* AppDelegate.swift in Sources */ = {isa = PBXBuildFile; fileRef = 4B1D673926090852005E38B8 /* AppDelegate.swift */; };
		4B1D673C26090852005E38B8 /* ViewController.swift in Sources */ = {isa = PBXBuildFile; fileRef = 4B1D673B26090852005E38B8 /* ViewController.swift */; };
		4B1D673F26090852005E38B8 /* Main.storyboard in Resources */ = {isa = PBXBuildFile; fileRef = 4B1D673D26090852005E38B8 /* Main.storyboard */; };
		4B1D674126090854005E38B8 /* Assets.xcassets in Resources */ = {isa = PBXBuildFile; fileRef = 4B1D674026090854005E38B8 /* Assets.xcassets */; };
		4B1D674426090854005E38B8 /* LaunchScreen.storyboard in Resources */ = {isa = PBXBuildFile; fileRef = 4B1D674226090854005E38B8 /* LaunchScreen.storyboard */; };
		4B1D674F26090855005E38B8 /* Lottery2Tests.swift in Sources */ = {isa = PBXBuildFile; fileRef = 4B1D674E26090855005E38B8 /* Lottery2Tests.swift */; };
		4B1D675A26090855005E38B8 /* Lottery2UITests.swift in Sources */ = {isa = PBXBuildFile; fileRef = 4B1D675926090855005E38B8 /* Lottery2UITests.swift */; };
/* End PBXBuildFile section */

/* Begin PBXContainerItemProxy section */
		4B1D674B26090855005E38B8 /* PBXContainerItemProxy */ = {
			isa = PBXContainerItemProxy;
			containerPortal = 4B1D672E26090852005E38B8 /* Project object */;
			proxyType = 1;
			remoteGlobalIDString = 4B1D673526090852005E38B8;
			remoteInfo = Lottery2;
		};
		4B1D675626090855005E38B8 /* PBXContainerItemProxy */ = {
			isa = PBXContainerItemProxy;
			containerPortal = 4B1D672E26090852005E38B8 /* Project object */;
			proxyType = 1;
			remoteGlobalIDString = 4B1D673526090852005E38B8;
			remoteInfo = Lottery2;
		};
/* End PBXContainerItemProxy section */

/* Begin PBXFileReference section */
		4B1D673626090852005E38B8 /* Lottery2.app */ = {isa = PBXFileReference; explicitFileType = wrapper.application; includeInIndex = 0; path = Lottery2.app; sourceTree = BUILT_PRODUCTS_DIR; };
		4B1D673926090852005E38B8 /* AppDelegate.swift */ = {isa = PBXFileReference; lastKnownFileType = sourcecode.swift; path = AppDelegate.swift; sourceTree = "<group>"; };
		4B1D673B26090852005E38B8 /* ViewController.swift */ = {isa = PBXFileReference; lastKnownFileType = sourcecode.swift; path = ViewController.swift; sourceTree = "<group>"; };
		4B1D673E26090852005E38B8 /* Base */ = {isa = PBXFileReference; lastKnownFileType = file.storyboard; name = Base; path = Base.lproj/Main.storyboard; sourceTree = "<group>"; };
		4B1D674026090854005E38B8 /* Assets.xcassets */ = {isa = PBXFileReference; lastKnownFileType = folder.assetcatalog; path = Assets.xcassets; sourceTree = "<group>"; };
		4B1D674326090854005E38B8 /* Base */ = {isa = PBXFileReference; lastKnownFileType = file.storyboard; name = Base; path = Base.lproj/LaunchScreen.storyboard; sourceTree = "<group>"; };
		4B1D674526090854005E38B8 /* Info.plist */ = {isa = PBXFileReference; lastKnownFileType = text.plist.xml; path = Info.plist; sourceTree = "<group>"; };
		4B1D674A26090855005E38B8 /* Lottery2Tests.xctest */ = {isa = PBXFileReference; explicitFileType = wrapper.cfbundle; includeInIndex = 0; path = Lottery2Tests.xctest; sourceTree = BUILT_PRODUCTS_DIR; };
		4B1D674E26090855005E38B8 /* Lottery2Tests.swift */ = {isa = PBXFileReference; lastKnownFileType = sourcecode.swift; path = Lottery2Tests.swift; sourceTree = "<group>"; };
		4B1D675026090855005E38B8 /* Info.plist */ = {isa = PBXFileReference; lastKnownFileType = text.plist.xml; path = Info.plist; sourceTree = "<group>"; };
		4B1D675526090855005E38B8 /* Lottery2UITests.xctest */ = {isa = PBXFileReference; explicitFileType = wrapper.cfbundle; includeInIndex = 0; path = Lottery2UITests.xctest; sourceTree = BUILT_PRODUCTS_DIR; };
		4B1D675926090855005E38B8 /* Lottery2UITests.swift */ = {isa = PBXFileReference; lastKnownFileType = sourcecode.swift; path = Lottery2UITests.swift; sourceTree = "<group>"; };
		4B1D675B26090855005E38B8 /* Info.plist */ = {isa = PBXFileReference; lastKnownFileType = text.plist.xml; path = Info.plist; sourceTree = "<group>"; };
/* End PBXFileReference section */

/* Begin PBXFrameworksBuildPhase section */
		4B1D673326090852005E38B8 /* Frameworks */ = {
			isa = PBXFrameworksBuildPhase;
			buildActionMask = 2147483647;
			files = (
			);
			runOnlyForDeploymentPostprocessing = 0;
		};
		4B1D674726090855005E38B8 /* Frameworks */ = {
			isa = PBXFrameworksBuildPhase;
			buildActionMask = 2147483647;
			files = (
			);
			runOnlyForDeploymentPostprocessing = 0;
		};
		4B1D675226090855005E38B8 /* Frameworks */ = {
			isa = PBXFrameworksBuildPhase;
			buildActionMask = 2147483647;
			files = (
			);
			runOnlyForDeploymentPostprocessing = 0;
		};
/* End PBXFrameworksBuildPhase section */

/* Begin PBXGroup section */
		4B1D672D26090852005E38B8 = {
			isa = PBXGroup;
			children = (
				4B1D673826090852005E38B8 /* Lottery2 */,
				4B1D674D26090855005E38B8 /* Lottery2Tests */,
				4B1D675826090855005E38B8 /* Lottery2UITests */,
				4B1D673726090852005E38B8 /* Products */,
			);
			sourceTree = "<group>";
		};
		4B1D673726090852005E38B8 /* Products */ = {
			isa = PBXGroup;
			children = (
				4B1D673626090852005E38B8 /* Lottery2.app */,
				4B1D674A26090855005E38B8 /* Lottery2Tests.xctest */,
				4B1D675526090855005E38B8 /* Lottery2UITests.xctest */,
			);
			name = Products;
			sourceTree = "<group>";
		};
		4B1D673826090852005E38B8 /* Lottery2 */ = {
			isa = PBXGroup;
			children = (
				4B1D673926090852005E38B8 /* AppDelegate.swift */,
				4B1D673B26090852005E38B8 /* ViewController.swift */,
				4B1D673D26090852005E38B8 /* Main.storyboard */,
				4B1D674026090854005E38B8 /* Assets.xcassets */,
				4B1D674226090854005E38B8 /* LaunchScreen.storyboard */,
				4B1D674526090854005E38B8 /* Info.plist */,
			);
			path = Lottery2;
			sourceTree = "<group>";
		};
		4B1D674D26090855005E38B8 /* Lottery2Tests */ = {
			isa = PBXGroup;
			children = (
				4B1D674E26090855005E38B8 /* Lottery2Tests.swift */,
				4B1D675026090855005E38B8 /* Info.plist */,
			);
			path = Lottery2Tests;
			sourceTree = "<group>";
		};
		4B1D675826090855005E38B8 /* Lottery2UITests */ = {
			isa = PBXGroup;
			children = (
				4B1D675926090855005E38B8 /* Lottery2UITests.swift */,
				4B1D675B26090855005E38B8 /* Info.plist */,
			);
			path = Lottery2UITests;
			sourceTree = "<group>";
		};
/* End PBXGroup section */

/* Begin PBXNativeTarget section */
		4B1D673526090852005E38B8 /* Lottery2 */ = {
			isa = PBXNativeTarget;
			buildConfigurationList = 4B1D675E26090855005E38B8 /* Build configuration list for PBXNativeTarget "Lottery2" */;
			buildPhases = (
				4B1D673226090852005E38B8 /* Sources */,
				4B1D673326090852005E38B8 /* Frameworks */,
				4B1D673426090852005E38B8 /* Resources */,
			);
			buildRules = (
			);
			dependencies = (
			);
			name = Lottery2;
			productName = Lottery2;
			productReference = 4B1D673626090852005E38B8 /* Lottery2.app */;
			productType = "com.apple.product-type.application";
		};
		4B1D674926090855005E38B8 /* Lottery2Tests */ = {
			isa = PBXNativeTarget;
			buildConfigurationList = 4B1D676126090855005E38B8 /* Build configuration list for PBXNativeTarget "Lottery2Tests" */;
			buildPhases = (
				4B1D674626090855005E38B8 /* Sources */,
				4B1D674726090855005E38B8 /* Frameworks */,
				4B1D674826090855005E38B8 /* Resources */,
			);
			buildRules = (
			);
			dependencies = (
				4B1D674C26090855005E38B8 /* PBXTargetDependency */,
			);
			name = Lottery2Tests;
			productName = Lottery2Tests;
			productReference = 4B1D674A26090855005E38B8 /* Lottery2Tests.xctest */;
			productType = "com.apple.product-type.bundle.unit-test";
		};
		4B1D675426090855005E38B8 /* Lottery2UITests */ = {
			isa = PBXNativeTarget;
			buildConfigurationList = 4B1D676426090855005E38B8 /* Build configuration list for PBXNativeTarget "Lottery2UITests" */;
			buildPhases = (
				4B1D675126090855005E38B8 /* Sources */,
				4B1D675226090855005E38B8 /* Frameworks */,
				4B1D675326090855005E38B8 /* Resources */,
			);
			buildRules = (
			);
			dependencies = (
				4B1D675726090855005E38B8 /* PBXTargetDependency */,
			);
			name = Lottery2UITests;
			productName = Lottery2UITests;
			productReference = 4B1D675526090855005E38B8 /* Lottery2UITests.xctest */;
			productType = "com.apple.product-type.bundle.ui-testing";
		};
/* End PBXNativeTarget section */

/* Begin PBXProject section */
		4B1D672E26090852005E38B8 /* Project object */ = {
			isa = PBXProject;
			attributes = {
				LastSwiftUpdateCheck = 1030;
				LastUpgradeCheck = 1030;
				ORGANIZATIONNAME = "grace Jordan";
				TargetAttributes = {
					4B1D673526090852005E38B8 = {
						CreatedOnToolsVersion = 10.3;
					};
					4B1D674926090855005E38B8 = {
						CreatedOnToolsVersion = 10.3;
						TestTargetID = 4B1D673526090852005E38B8;
					};
					4B1D675426090855005E38B8 = {
						CreatedOnToolsVersion = 10.3;
						TestTargetID = 4B1D673526090852005E38B8;
					};
				};
			};
			buildConfigurationList = 4B1D673126090852005E38B8 /* Build configuration list for PBXProject "Lottery2" */;
			compatibilityVersion = "Xcode 9.3";
			developmentRegion = en;
			hasScannedForEncodings = 0;
			knownRegions = (
				en,
				Base,
			);
			mainGroup = 4B1D672D26090852005E38B8;
			productRefGroup = 4B1D673726090852005E38B8 /* Products */;
			projectDirPath = "";
			projectRoot = "";
			targets = (
				4B1D673526090852005E38B8 /* Lottery2 */,
				4B1D674926090855005E38B8 /* Lottery2Tests */,
				4B1D675426090855005E38B8 /* Lottery2UITests */,
			);
		};
/* End PBXProject section */

/* Begin PBXResourcesBuildPhase section */
		4B1D673426090852005E38B8 /* Resources */ = {
			isa = PBXResourcesBuildPhase;
			buildActionMask = 2147483647;
			files = (
				4B1D674426090854005E38B8 /* LaunchScreen.storyboard in Resources */,
				4B1D674126090854005E38B8 /* Assets.xcassets in Resources */,
				4B1D673F26090852005E38B8 /* Main.storyboard in Resources */,
			);
			runOnlyForDeploymentPostprocessing = 0;
		};
		4B1D674826090855005E38B8 /* Resources */ = {
			isa = PBXResourcesBuildPhase;
			buildActionMask = 2147483647;
			files = (
			);
			runOnlyForDeploymentPostprocessing = 0;
		};
		4B1D675326090855005E38B8 /* Resources */ = {
			isa = PBXResourcesBuildPhase;
			buildActionMask = 2147483647;
			files = (
			);
			runOnlyForDeploymentPostprocessing = 0;
		};
/* End PBXResourcesBuildPhase section */

/* Begin PBXSourcesBuildPhase section */
		4B1D673226090852005E38B8 /* Sources */ = {
			isa = PBXSourcesBuildPhase;
			buildActionMask = 2147483647;
			files = (
				4B1D673C26090852005E38B8 /* ViewController.swift in Sources */,
				4B1D673A26090852005E38B8 /* AppDelegate.swift in Sources */,
			);
			runOnlyForDeploymentPostprocessing = 0;
		};
		4B1D674626090855005E38B8 /* Sources */ = {
			isa = PBXSourcesBuildPhase;
			buildActionMask = 2147483647;
			files = (
				4B1D674F26090855005E38B8 /* Lottery2Tests.swift in Sources */,
			);
			runOnlyForDeploymentPostprocessing = 0;
		};
		4B1D675126090855005E38B8 /* Sources */ = {
			isa = PBXSourcesBuildPhase;
			buildActionMask = 2147483647;
			files = (
				4B1D675A26090855005E38B8 /* Lottery2UITests.swift in Sources */,
			);
			runOnlyForDeploymentPostprocessing = 0;
		};
/* End PBXSourcesBuildPhase section */

/* Begin PBXTargetDependency section */
		4B1D674C26090855005E38B8 /* PBXTargetDependency */ = {
			isa = PBXTargetDependency;
			target = 4B1D673526090852005E38B8 /* Lottery2 */;
			targetProxy = 4B1D674B26090855005E38B8 /* PBXContainerItemProxy */;
		};
		4B1D675726090855005E38B8 /* PBXTargetDependency */ = {
			isa = PBXTargetDependency;
			target = 4B1D673526090852005E38B8 /* Lottery2 */;
			targetProxy = 4B1D675626090855005E38B8 /* PBXContainerItemProxy */;
		};
/* End PBXTargetDependency section */

/* Begin PBXVariantGroup section */
		4B1D673D26090852005E38B8 /* Main.storyboard */ = {
			isa = PBXVariantGroup;
			children = (
				4B1D673E26090852005E38B8 /* Base */,
			);
			name = Main.storyboard;
			sourceTree = "<group>";
		};
		4B1D674226090854005E38B8 /* LaunchScreen.storyboard */ = {
			isa = PBXVariantGroup;
			children = (
				4B1D674326090854005E38B8 /* Base */,
			);
			name = LaunchScreen.storyboard;
			sourceTree = "<group>";
		};
/* End PBXVariantGroup section */

/* Begin XCBuildConfiguration section */
		4B1D675C26090855005E38B8 /* Debug */ = {
			isa = XCBuildConfiguration;
			buildSettings = {
				ALWAYS_SEARCH_USER_PATHS = NO;
				CLANG_ANALYZER_NONNULL = YES;
				CLANG_ANALYZER_NUMBER_OBJECT_CONVERSION = YES_AGGRESSIVE;
				CLANG_CXX_LANGUAGE_STANDARD = "gnu++14";
				CLANG_CXX_LIBRARY = "libc++";
				CLANG_ENABLE_MODULES = YES;
				CLANG_ENABLE_OBJC_ARC = YES;
				CLANG_ENABLE_OBJC_WEAK = YES;
				CLANG_WARN_BLOCK_CAPTURE_AUTORELEASING = YES;
				CLANG_WARN_BOOL_CONVERSION = YES;
				CLANG_WARN_COMMA = YES;
				CLANG_WARN_CONSTANT_CONVERSION = YES;
				CLANG_WARN_DEPRECATED_OBJC_IMPLEMENTATIONS = YES;
				CLANG_WARN_DIRECT_OBJC_ISA_USAGE = YES_ERROR;
				CLANG_WARN_DOCUMENTATION_COMMENTS = YES;
				CLANG_WARN_EMPTY_BODY = YES;
				CLANG_WARN_ENUM_CONVERSION = YES;
				CLANG_WARN_INFINITE_RECURSION = YES;
				CLANG_WARN_INT_CONVERSION = YES;
				CLANG_WARN_NON_LITERAL_NULL_CONVERSION = YES;
				CLANG_WARN_OBJC_IMPLICIT_RETAIN_SELF = YES;
				CLANG_WARN_OBJC_LITERAL_CONVERSION = YES;
				CLANG_WARN_OBJC_ROOT_CLASS = YES_ERROR;
				CLANG_WARN_RANGE_LOOP_ANALYSIS = YES;
				CLANG_WARN_STRICT_PROTOTYPES = YES;
				CLANG_WARN_SUSPICIOUS_MOVE = YES;
				CLANG_WARN_UNGUARDED_AVAILABILITY = YES_AGGRESSIVE;
				CLANG_WARN_UNREACHABLE_CODE = YES;
				CLANG_WARN__DUPLICATE_METHOD_MATCH = YES;
				CODE_SIGN_IDENTITY = "iPhone Developer";
				COPY_PHASE_STRIP = NO;
				DEBUG_INFORMATION_FORMAT = dwarf;
				ENABLE_STRICT_OBJC_MSGSEND = YES;
				ENABLE_TESTABILITY = YES;
				GCC_C_LANGUAGE_STANDARD = gnu11;
				GCC_DYNAMIC_NO_PIC = NO;
				GCC_NO_COMMON_BLOCKS = YES;
				GCC_OPTIMIZATION_LEVEL = 0;
				GCC_PREPROCESSOR_DEFINITIONS = (
					"DEBUG=1",
					"$(inherited)",
				);
				GCC_WARN_64_TO_32_BIT_CONVERSION = YES;
				GCC_WARN_ABOUT_RETURN_TYPE = YES_ERROR;
				GCC_WARN_UNDECLARED_SELECTOR = YES;
				GCC_WARN_UNINITIALIZED_AUTOS = YES_AGGRESSIVE;
				GCC_WARN_UNUSED_FUNCTION = YES;
				GCC_WARN_UNUSED_VARIABLE = YES;
				IPHONEOS_DEPLOYMENT_TARGET = 12.4;
				MTL_ENABLE_DEBUG_INFO = INCLUDE_SOURCE;
				MTL_FAST_MATH = YES;
				ONLY_ACTIVE_ARCH = YES;
				SDKROOT = iphoneos;
				SWIFT_ACTIVE_COMPILATION_CONDITIONS = DEBUG;
				SWIFT_OPTIMIZATION_LEVEL = "-Onone";
			};
			name = Debug;
		};
		4B1D675D26090855005E38B8 /* Release */ = {
			isa = XCBuildConfiguration;
			buildSettings = {
				ALWAYS_SEARCH_USER_PATHS = NO;
				CLANG_ANALYZER_NONNULL = YES;
				CLANG_ANALYZER_NUMBER_OBJECT_CONVERSION = YES_AGGRESSIVE;
				CLANG_CXX_LANGUAGE_STANDARD = "gnu++14";
				CLANG_CXX_LIBRARY = "libc++";
				CLANG_ENABLE_MODULES = YES;
				CLANG_ENABLE_OBJC_ARC = YES;
				CLANG_ENABLE_OBJC_WEAK = YES;
				CLANG_WARN_BLOCK_CAPTURE_AUTORELEASING = YES;
				CLANG_WARN_BOOL_CONVERSION = YES;
				CLANG_WARN_COMMA = YES;
				CLANG_WARN_CONSTANT_CONVERSION = YES;
				CLANG_WARN_DEPRECATED_OBJC_IMPLEMENTATIONS = YES;
				CLANG_WARN_DIRECT_OBJC_ISA_USAGE = YES_ERROR;
				CLANG_WARN_DOCUMENTATION_COMMENTS = YES;
				CLANG_WARN_EMPTY_BODY = YES;
				CLANG_WARN_ENUM_CONVERSION = YES;
				CLANG_WARN_INFINITE_RECURSION = YES;
				CLANG_WARN_INT_CONVERSION = YES;
				CLANG_WARN_NON_LITERAL_NULL_CONVERSION = YES;
				CLANG_WARN_OBJC_IMPLICIT_RETAIN_SELF = YES;
				CLANG_WARN_OBJC_LITERAL_CONVERSION = YES;
				CLANG_WARN_OBJC_ROOT_CLASS = YES_ERROR;
				CLANG_WARN_RANGE_LOOP_ANALYSIS = YES;
				CLANG_WARN_STRICT_PROTOTYPES = YES;
				CLANG_WARN_SUSPICIOUS_MOVE = YES;
				CLANG_WARN_UNGUARDED_AVAILABILITY = YES_AGGRESSIVE;
				CLANG_WARN_UNREACHABLE_CODE = YES;
				CLANG_WARN__DUPLICATE_METHOD_MATCH = YES;
				CODE_SIGN_IDENTITY = "iPhone Developer";
				COPY_PHASE_STRIP = NO;
				DEBUG_INFORMATION_FORMAT = "dwarf-with-dsym";
				ENABLE_NS_ASSERTIONS = NO;
				ENABLE_STRICT_OBJC_MSGSEND = YES;
				GCC_C_LANGUAGE_STANDARD = gnu11;
				GCC_NO_COMMON_BLOCKS = YES;
				GCC_WARN_64_TO_32_BIT_CONVERSION = YES;
				GCC_WARN_ABOUT_RETURN_TYPE = YES_ERROR;
				GCC_WARN_UNDECLARED_SELECTOR = YES;
				GCC_WARN_UNINITIALIZED_AUTOS = YES_AGGRESSIVE;
				GCC_WARN_UNUSED_FUNCTION = YES;
				GCC_WARN_UNUSED_VARIABLE = YES;
				IPHONEOS_DEPLOYMENT_TARGET = 12.4;
				MTL_ENABLE_DEBUG_INFO = NO;
				MTL_FAST_MATH = YES;
				SDKROOT = iphoneos;
				SWIFT_COMPILATION_MODE = wholemodule;
				SWIFT_OPTIMIZATION_LEVEL = "-O";
				VALIDATE_PRODUCT = YES;
			};
			name = Release;
		};
		4B1D675F26090855005E38B8 /* Debug */ = {
			isa = XCBuildConfiguration;
			buildSettings = {
				ASSETCATALOG_COMPILER_APPICON_NAME = AppIcon;
				CODE_SIGN_STYLE = Automatic;
				INFOPLIST_FILE = Lottery2/Info.plist;
				LD_RUNPATH_SEARCH_PATHS = (
					"$(inherited)",
					"@executable_path/Frameworks",
				);
				PRODUCT_BUNDLE_IDENTIFIER = test.Lottery2;
				PRODUCT_NAME = "$(TARGET_NAME)";
				SWIFT_VERSION = 5.0;
				TARGETED_DEVICE_FAMILY = "1,2";
			};
			name = Debug;
		};
		4B1D676026090855005E38B8 /* Release */ = {
			isa = XCBuildConfiguration;
			buildSettings = {
				ASSETCATALOG_COMPILER_APPICON_NAME = AppIcon;
				CODE_SIGN_STYLE = Automatic;
				INFOPLIST_FILE = Lottery2/Info.plist;
				LD_RUNPATH_SEARCH_PATHS = (
					"$(inherited)",
					"@executable_path/Frameworks",
				);
				PRODUCT_BUNDLE_IDENTIFIER = test.Lottery2;
				PRODUCT_NAME = "$(TARGET_NAME)";
				SWIFT_VERSION = 5.0;
				TARGETED_DEVICE_FAMILY = "1,2";
			};
			name = Release;
		};
		4B1D676226090855005E38B8 /* Debug */ = {
			isa = XCBuildConfiguration;
			buildSettings = {
				ALWAYS_EMBED_SWIFT_STANDARD_LIBRARIES = YES;
				BUNDLE_LOADER = "$(TEST_HOST)";
				CODE_SIGN_STYLE = Automatic;
				INFOPLIST_FILE = Lottery2Tests/Info.plist;
				LD_RUNPATH_SEARCH_PATHS = (
					"$(inherited)",
					"@executable_path/Frameworks",
					"@loader_path/Frameworks",
				);
				PRODUCT_BUNDLE_IDENTIFIER = test.Lottery2Tests;
				PRODUCT_NAME = "$(TARGET_NAME)";
				SWIFT_VERSION = 5.0;
				TARGETED_DEVICE_FAMILY = "1,2";
				TEST_HOST = "$(BUILT_PRODUCTS_DIR)/Lottery2.app/Lottery2";
			};
			name = Debug;
		};
		4B1D676326090855005E38B8 /* Release */ = {
			isa = XCBuildConfiguration;
			buildSettings = {
				ALWAYS_EMBED_SWIFT_STANDARD_LIBRARIES = YES;
				BUNDLE_LOADER = "$(TEST_HOST)";
				CODE_SIGN_STYLE = Automatic;
				INFOPLIST_FILE = Lottery2Tests/Info.plist;
				LD_RUNPATH_SEARCH_PATHS = (
					"$(inherited)",
					"@executable_path/Frameworks",
					"@loader_path/Frameworks",
				);
				PRODUCT_BUNDLE_IDENTIFIER = test.Lottery2Tests;
				PRODUCT_NAME = "$(TARGET_NAME)";
				SWIFT_VERSION = 5.0;
				TARGETED_DEVICE_FAMILY = "1,2";
				TEST_HOST = "$(BUILT_PRODUCTS_DIR)/Lottery2.app/Lottery2";
			};
			name = Release;
		};
		4B1D676526090855005E38B8 /* Debug */ = {
			isa = XCBuildConfiguration;
			buildSettings = {
				ALWAYS_EMBED_SWIFT_STANDARD_LIBRARIES = YES;
				CODE_SIGN_STYLE = Automatic;
				INFOPLIST_FILE = Lottery2UITests/Info.plist;
				LD_RUNPATH_SEARCH_PATHS = (
					"$(inherited)",
					"@executable_path/Frameworks",
					"@loader_path/Frameworks",
				);
				PRODUCT_BUNDLE_IDENTIFIER = test.Lottery2UITests;
				PRODUCT_NAME = "$(TARGET_NAME)";
				SWIFT_VERSION = 5.0;
				TARGETED_DEVICE_FAMILY = "1,2";
				TEST_TARGET_NAME = Lottery2;
			};
			name = Debug;
		};
		4B1D676626090855005E38B8 /* Release */ = {
			isa = XCBuildConfiguration;
			buildSettings = {
				ALWAYS_EMBED_SWIFT_STANDARD_LIBRARIES = YES;
				CODE_SIGN_STYLE = Automatic;
				INFOPLIST_FILE = Lottery2UITests/Info.plist;
				LD_RUNPATH_SEARCH_PATHS = (
					"$(inherited)",
					"@executable_path/Frameworks",
					"@loader_path/Frameworks",
				);
				PRODUCT_BUNDLE_IDENTIFIER = test.Lottery2UITests;
				PRODUCT_NAME = "$(TARGET_NAME)";
				SWIFT_VERSION = 5.0;
				TARGETED_DEVICE_FAMILY = "1,2";
				TEST_TARGET_NAME = Lottery2;
			};
			name = Release;
		};
/* End XCBuildConfiguration section */

/* Begin XCConfigurationList section */
		4B1D673126090852005E38B8 /* Build configuration list for PBXProject "Lottery2" */ = {
			isa = XCConfigurationList;
			buildConfigurations = (
				4B1D675C26090855005E38B8 /* Debug */,
				4B1D675D26090855005E38B8 /* Release */,
			);
			defaultConfigurationIsVisible = 0;
			defaultConfigurationName = Release;
		};
		4B1D675E26090855005E38B8 /* Build configuration list for PBXNativeTarget "Lottery2" */ = {
			isa = XCConfigurationList;
			buildConfigurations = (
				4B1D675F26090855005E38B8 /* Debug */,
				4B1D676026090855005E38B8 /* Release */,
			);
			defaultConfigurationIsVisible = 0;
			defaultConfigurationName = Release;
		};
		4B1D676126090855005E38B8 /* Build configuration list for PBXNativeTarget "Lottery2Tests" */ = {
			isa = XCConfigurationList;
			buildConfigurations = (
				4B1D676226090855005E38B8 /* Debug */,
				4B1D676326090855005E38B8 /* Release */,
			);
			defaultConfigurationIsVisible = 0;
			defaultConfigurationName = Release;
		};
		4B1D676426090855005E38B8 /* Build configuration list for PBXNativeTarget "Lottery2UITests" */ = {
			isa = XCConfigurationList;
			buildConfigurations = (
				4B1D676526090855005E38B8 /* Debug */,
				4B1D676626090855005E38B8 /* Release */,
			);
			defaultConfigurationIsVisible = 0;
			defaultConfigurationName = Release;
		};
/* End XCConfigurationList section */
	};
	rootObject = 4B1D672E26090852005E38B8 /* Project object */;
}
